// !$*UTF8*$!
{
	archiveVersion = 1;
	classes = {
	};
	objectVersion = 50;
	objects = {

/* Begin PBXBuildFile section */
		6B38996B25175C89001AF475 /* AppDelegate.swift in Sources */ = {isa = PBXBuildFile; fileRef = 6B38996A25175C89001AF475 /* AppDelegate.swift */; };
		6B38996D25175C89001AF475 /* SceneDelegate.swift in Sources */ = {isa = PBXBuildFile; fileRef = 6B38996C25175C89001AF475 /* SceneDelegate.swift */; };
		6B38997225175C89001AF475 /* Main.storyboard in Resources */ = {isa = PBXBuildFile; fileRef = 6B38997025175C89001AF475 /* Main.storyboard */; };
		6B38997425175C8C001AF475 /* Assets.xcassets in Resources */ = {isa = PBXBuildFile; fileRef = 6B38997325175C8C001AF475 /* Assets.xcassets */; };
		6B38997725175C8C001AF475 /* LaunchScreen.storyboard in Resources */ = {isa = PBXBuildFile; fileRef = 6B38997525175C8C001AF475 /* LaunchScreen.storyboard */; };
		6B38998225175D60001AF475 /* TableViewController.swift in Sources */ = {isa = PBXBuildFile; fileRef = 6B38998125175D60001AF475 /* TableViewController.swift */; };
		6B38998525175DAB001AF475 /* Profile.swift in Sources */ = {isa = PBXBuildFile; fileRef = 6B38998425175DAB001AF475 /* Profile.swift */; };
		6B3899882517621F001AF475 /* TableViewCell.swift in Sources */ = {isa = PBXBuildFile; fileRef = 6B3899872517621F001AF475 /* TableViewCell.swift */; };
		6B3899902517676F001AF475 /* ViewModel.swift in Sources */ = {isa = PBXBuildFile; fileRef = 6B38998F2517676F001AF475 /* ViewModel.swift */; };
		6B3899932517686A001AF475 /* TableViewModelType.swift in Sources */ = {isa = PBXBuildFile; fileRef = 6B3899922517686A001AF475 /* TableViewModelType.swift */; };
		6B38999B25176C9A001AF475 /* TableViewCellViewModelType.swift in Sources */ = {isa = PBXBuildFile; fileRef = 6B38999A25176C9A001AF475 /* TableViewCellViewModelType.swift */; };
		6B38999E25176DBB001AF475 /* TableViewCellViewModel.swift in Sources */ = {isa = PBXBuildFile; fileRef = 6B38999D25176DBB001AF475 /* TableViewCellViewModel.swift */; };
		6B3899A1251785EB001AF475 /* DetailViewController.swift in Sources */ = {isa = PBXBuildFile; fileRef = 6B3899A0251785EB001AF475 /* DetailViewController.swift */; };
		6B3899A425178682001AF475 /* DetailViewModelType.swift in Sources */ = {isa = PBXBuildFile; fileRef = 6B3899A325178682001AF475 /* DetailViewModelType.swift */; };
		6B3899A7251786EB001AF475 /* DetailViewModel.swift in Sources */ = {isa = PBXBuildFile; fileRef = 6B3899A6251786EB001AF475 /* DetailViewModel.swift */; };
/* End PBXBuildFile section */

/* Begin PBXFileReference section */
		6B38996725175C89001AF475 /* MVVM-Two.app */ = {isa = PBXFileReference; explicitFileType = wrapper.application; includeInIndex = 0; path = "MVVM-Two.app"; sourceTree = BUILT_PRODUCTS_DIR; };
		6B38996A25175C89001AF475 /* AppDelegate.swift */ = {isa = PBXFileReference; lastKnownFileType = sourcecode.swift; path = AppDelegate.swift; sourceTree = "<group>"; };
		6B38996C25175C89001AF475 /* SceneDelegate.swift */ = {isa = PBXFileReference; lastKnownFileType = sourcecode.swift; path = SceneDelegate.swift; sourceTree = "<group>"; };
		6B38997125175C89001AF475 /* Base */ = {isa = PBXFileReference; lastKnownFileType = file.storyboard; name = Base; path = Base.lproj/Main.storyboard; sourceTree = "<group>"; };
		6B38997325175C8C001AF475 /* Assets.xcassets */ = {isa = PBXFileReference; lastKnownFileType = folder.assetcatalog; path = Assets.xcassets; sourceTree = "<group>"; };
		6B38997625175C8C001AF475 /* Base */ = {isa = PBXFileReference; lastKnownFileType = file.storyboard; name = Base; path = Base.lproj/LaunchScreen.storyboard; sourceTree = "<group>"; };
		6B38997825175C8C001AF475 /* Info.plist */ = {isa = PBXFileReference; lastKnownFileType = text.plist.xml; path = Info.plist; sourceTree = "<group>"; };
		6B38998125175D60001AF475 /* TableViewController.swift */ = {isa = PBXFileReference; lastKnownFileType = sourcecode.swift; path = TableViewController.swift; sourceTree = "<group>"; };
		6B38998425175DAB001AF475 /* Profile.swift */ = {isa = PBXFileReference; lastKnownFileType = sourcecode.swift; path = Profile.swift; sourceTree = "<group>"; };
		6B3899872517621F001AF475 /* TableViewCell.swift */ = {isa = PBXFileReference; lastKnownFileType = sourcecode.swift; path = TableViewCell.swift; sourceTree = "<group>"; };
		6B38998F2517676F001AF475 /* ViewModel.swift */ = {isa = PBXFileReference; lastKnownFileType = sourcecode.swift; path = ViewModel.swift; sourceTree = "<group>"; };
		6B3899922517686A001AF475 /* TableViewModelType.swift */ = {isa = PBXFileReference; lastKnownFileType = sourcecode.swift; path = TableViewModelType.swift; sourceTree = "<group>"; };
		6B38999A25176C9A001AF475 /* TableViewCellViewModelType.swift */ = {isa = PBXFileReference; lastKnownFileType = sourcecode.swift; path = TableViewCellViewModelType.swift; sourceTree = "<group>"; };
		6B38999D25176DBB001AF475 /* TableViewCellViewModel.swift */ = {isa = PBXFileReference; lastKnownFileType = sourcecode.swift; path = TableViewCellViewModel.swift; sourceTree = "<group>"; };
		6B3899A0251785EB001AF475 /* DetailViewController.swift */ = {isa = PBXFileReference; lastKnownFileType = sourcecode.swift; path = DetailViewController.swift; sourceTree = "<group>"; };
		6B3899A325178682001AF475 /* DetailViewModelType.swift */ = {isa = PBXFileReference; lastKnownFileType = sourcecode.swift; path = DetailViewModelType.swift; sourceTree = "<group>"; };
		6B3899A6251786EB001AF475 /* DetailViewModel.swift */ = {isa = PBXFileReference; lastKnownFileType = sourcecode.swift; path = DetailViewModel.swift; sourceTree = "<group>"; };
/* End PBXFileReference section */

/* Begin PBXFrameworksBuildPhase section */
		6B38996425175C89001AF475 /* Frameworks */ = {
			isa = PBXFrameworksBuildPhase;
			buildActionMask = 2147483647;
			files = (
			);
			runOnlyForDeploymentPostprocessing = 0;
		};
/* End PBXFrameworksBuildPhase section */

/* Begin PBXGroup section */
		6B38995E25175C89001AF475 = {
			isa = PBXGroup;
			children = (
				6B38996925175C89001AF475 /* MVVM-Two */,
				6B38996825175C89001AF475 /* Products */,
			);
			sourceTree = "<group>";
		};
		6B38996825175C89001AF475 /* Products */ = {
			isa = PBXGroup;
			children = (
				6B38996725175C89001AF475 /* MVVM-Two.app */,
			);
			name = Products;
			sourceTree = "<group>";
		};
		6B38996925175C89001AF475 /* MVVM-Two */ = {
			isa = PBXGroup;
			children = (
				6B38996A25175C89001AF475 /* AppDelegate.swift */,
				6B38996C25175C89001AF475 /* SceneDelegate.swift */,
				6B38998A2517628E001AF475 /* Model */,
				6B38998C25176299001AF475 /* View */,
				6B3899952517692B001AF475 /* ViewModel */,
				6B38999725176939001AF475 /* Protocols */,
				6B38997025175C89001AF475 /* Main.storyboard */,
				6B38997325175C8C001AF475 /* Assets.xcassets */,
				6B38997525175C8C001AF475 /* LaunchScreen.storyboard */,
				6B38997825175C8C001AF475 /* Info.plist */,
			);
			path = "MVVM-Two";
			sourceTree = "<group>";
		};
		6B38998A2517628E001AF475 /* Model */ = {
			isa = PBXGroup;
			children = (
				6B38998425175DAB001AF475 /* Profile.swift */,
			);
			path = Model;
			sourceTree = "<group>";
		};
		6B38998C25176299001AF475 /* View */ = {
			isa = PBXGroup;
			children = (
				6B38998125175D60001AF475 /* TableViewController.swift */,
				6B3899872517621F001AF475 /* TableViewCell.swift */,
				6B3899A0251785EB001AF475 /* DetailViewController.swift */,
			);
			path = View;
			sourceTree = "<group>";
		};
		6B3899952517692B001AF475 /* ViewModel */ = {
			isa = PBXGroup;
			children = (
				6B38998F2517676F001AF475 /* ViewModel.swift */,
				6B38999D25176DBB001AF475 /* TableViewCellViewModel.swift */,
				6B3899A6251786EB001AF475 /* DetailViewModel.swift */,
			);
			path = ViewModel;
			sourceTree = "<group>";
		};
		6B38999725176939001AF475 /* Protocols */ = {
			isa = PBXGroup;
			children = (
				6B3899922517686A001AF475 /* TableViewModelType.swift */,
				6B38999A25176C9A001AF475 /* TableViewCellViewModelType.swift */,
				6B3899A325178682001AF475 /* DetailViewModelType.swift */,
			);
			path = Protocols;
			sourceTree = "<group>";
		};
/* End PBXGroup section */

/* Begin PBXNativeTarget section */
		6B38996625175C89001AF475 /* MVVM-Two */ = {
			isa = PBXNativeTarget;
			buildConfigurationList = 6B38997B25175C8C001AF475 /* Build configuration list for PBXNativeTarget "MVVM-Two" */;
			buildPhases = (
				6B38996325175C89001AF475 /* Sources */,
				6B38996425175C89001AF475 /* Frameworks */,
				6B38996525175C89001AF475 /* Resources */,
			);
			buildRules = (
			);
			dependencies = (
			);
			name = "MVVM-Two";
			productName = "MVVM-Two";
			productReference = 6B38996725175C89001AF475 /* MVVM-Two.app */;
			productType = "com.apple.product-type.application";
		};
/* End PBXNativeTarget section */

/* Begin PBXProject section */
		6B38995F25175C89001AF475 /* Project object */ = {
			isa = PBXProject;
			attributes = {
				LastSwiftUpdateCheck = 1200;
				LastUpgradeCheck = 1200;
				TargetAttributes = {
					6B38996625175C89001AF475 = {
						CreatedOnToolsVersion = 12.0;
					};
				};
			};
			buildConfigurationList = 6B38996225175C89001AF475 /* Build configuration list for PBXProject "MVVM-Two" */;
			compatibilityVersion = "Xcode 9.3";
			developmentRegion = en;
			hasScannedForEncodings = 0;
			knownRegions = (
				en,
				Base,
			);
			mainGroup = 6B38995E25175C89001AF475;
			productRefGroup = 6B38996825175C89001AF475 /* Products */;
			projectDirPath = "";
			projectRoot = "";
			targets = (
				6B38996625175C89001AF475 /* MVVM-Two */,
			);
		};
/* End PBXProject section */

/* Begin PBXResourcesBuildPhase section */
		6B38996525175C89001AF475 /* Resources */ = {
			isa = PBXResourcesBuildPhase;
			buildActionMask = 2147483647;
			files = (
				6B38997725175C8C001AF475 /* LaunchScreen.storyboard in Resources */,
				6B38997425175C8C001AF475 /* Assets.xcassets in Resources */,
				6B38997225175C89001AF475 /* Main.storyboard in Resources */,
			);
			runOnlyForDeploymentPostprocessing = 0;
		};
/* End PBXResourcesBuildPhase section */

/* Begin PBXSourcesBuildPhase section */
		6B38996325175C89001AF475 /* Sources */ = {
			isa = PBXSourcesBuildPhase;
			buildActionMask = 2147483647;
			files = (
				6B38999B25176C9A001AF475 /* TableViewCellViewModelType.swift in Sources */,
				6B3899882517621F001AF475 /* TableViewCell.swift in Sources */,
				6B38996B25175C89001AF475 /* AppDelegate.swift in Sources */,
				6B38998525175DAB001AF475 /* Profile.swift in Sources */,
				6B38998225175D60001AF475 /* TableViewController.swift in Sources */,
				6B3899932517686A001AF475 /* TableViewModelType.swift in Sources */,
				6B3899A425178682001AF475 /* DetailViewModelType.swift in Sources */,
				6B3899A7251786EB001AF475 /* DetailViewModel.swift in Sources */,
				6B38999E25176DBB001AF475 /* TableViewCellViewModel.swift in Sources */,
				6B3899A1251785EB001AF475 /* DetailViewController.swift in Sources */,
				6B3899902517676F001AF475 /* ViewModel.swift in Sources */,
				6B38996D25175C89001AF475 /* SceneDelegate.swift in Sources */,
			);
			runOnlyForDeploymentPostprocessing = 0;
		};
/* End PBXSourcesBuildPhase section */

/* Begin PBXVariantGroup section */
		6B38997025175C89001AF475 /* Main.storyboard */ = {
			isa = PBXVariantGroup;
			children = (
				6B38997125175C89001AF475 /* Base */,
			);
			name = Main.storyboard;
			sourceTree = "<group>";
		};
		6B38997525175C8C001AF475 /* LaunchScreen.storyboard */ = {
			isa = PBXVariantGroup;
			children = (
				6B38997625175C8C001AF475 /* Base */,
			);
			name = LaunchScreen.storyboard;
			sourceTree = "<group>";
		};
/* End PBXVariantGroup section */

/* Begin XCBuildConfiguration section */
		6B38997925175C8C001AF475 /* Debug */ = {
			isa = XCBuildConfiguration;
			buildSettings = {
				ALWAYS_SEARCH_USER_PATHS = NO;
				CLANG_ANALYZER_NONNULL = YES;
				CLANG_ANALYZER_NUMBER_OBJECT_CONVERSION = YES_AGGRESSIVE;
				CLANG_CXX_LANGUAGE_STANDARD = "gnu++14";
				CLANG_CXX_LIBRARY = "libc++";
				CLANG_ENABLE_MODULES = YES;
				CLANG_ENABLE_OBJC_ARC = YES;
				CLANG_ENABLE_OBJC_WEAK = YES;
				CLANG_WARN_BLOCK_CAPTURE_AUTORELEASING = YES;
				CLANG_WARN_BOOL_CONVERSION = YES;
				CLANG_WARN_COMMA = YES;
				CLANG_WARN_CONSTANT_CONVERSION = YES;
				CLANG_WARN_DEPRECATED_OBJC_IMPLEMENTATIONS = YES;
				CLANG_WARN_DIRECT_OBJC_ISA_USAGE = YES_ERROR;
				CLANG_WARN_DOCUMENTATION_COMMENTS = YES;
				CLANG_WARN_EMPTY_BODY = YES;
				CLANG_WARN_ENUM_CONVERSION = YES;
				CLANG_WARN_INFINITE_RECURSION = YES;
				CLANG_WARN_INT_CONVERSION = YES;
				CLANG_WARN_NON_LITERAL_NULL_CONVERSION = YES;
				CLANG_WARN_OBJC_IMPLICIT_RETAIN_SELF = YES;
				CLANG_WARN_OBJC_LITERAL_CONVERSION = YES;
				CLANG_WARN_OBJC_ROOT_CLASS = YES_ERROR;
				CLANG_WARN_QUOTED_INCLUDE_IN_FRAMEWORK_HEADER = YES;
				CLANG_WARN_RANGE_LOOP_ANALYSIS = YES;
				CLANG_WARN_STRICT_PROTOTYPES = YES;
				CLANG_WARN_SUSPICIOUS_MOVE = YES;
				CLANG_WARN_UNGUARDED_AVAILABILITY = YES_AGGRESSIVE;
				CLANG_WARN_UNREACHABLE_CODE = YES;
				CLANG_WARN__DUPLICATE_METHOD_MATCH = YES;
				COPY_PHASE_STRIP = NO;
				DEBUG_INFORMATION_FORMAT = dwarf;
				ENABLE_STRICT_OBJC_MSGSEND = YES;
				ENABLE_TESTABILITY = YES;
				GCC_C_LANGUAGE_STANDARD = gnu11;
				GCC_DYNAMIC_NO_PIC = NO;
				GCC_NO_COMMON_BLOCKS = YES;
				GCC_OPTIMIZATION_LEVEL = 0;
				GCC_PREPROCESSOR_DEFINITIONS = (
					"DEBUG=1",
					"$(inherited)",
				);
				GCC_WARN_64_TO_32_BIT_CONVERSION = YES;
				GCC_WARN_ABOUT_RETURN_TYPE = YES_ERROR;
				GCC_WARN_UNDECLARED_SELECTOR = YES;
				GCC_WARN_UNINITIALIZED_AUTOS = YES_AGGRESSIVE;
				GCC_WARN_UNUSED_FUNCTION = YES;
				GCC_WARN_UNUSED_VARIABLE = YES;
				IPHONEOS_DEPLOYMENT_TARGET = 14.0;
				MTL_ENABLE_DEBUG_INFO = INCLUDE_SOURCE;
				MTL_FAST_MATH = YES;
				ONLY_ACTIVE_ARCH = YES;
				SDKROOT = iphoneos;
				SWIFT_ACTIVE_COMPILATION_CONDITIONS = DEBUG;
				SWIFT_OPTIMIZATION_LEVEL = "-Onone";
			};
			name = Debug;
		};
		6B38997A25175C8C001AF475 /* Release */ = {
			isa = XCBuildConfiguration;
			buildSettings = {
				ALWAYS_SEARCH_USER_PATHS = NO;
				CLANG_ANALYZER_NONNULL = YES;
				CLANG_ANALYZER_NUMBER_OBJECT_CONVERSION = YES_AGGRESSIVE;
				CLANG_CXX_LANGUAGE_STANDARD = "gnu++14";
				CLANG_CXX_LIBRARY = "libc++";
				CLANG_ENABLE_MODULES = YES;
				CLANG_ENABLE_OBJC_ARC = YES;
				CLANG_ENABLE_OBJC_WEAK = YES;
				CLANG_WARN_BLOCK_CAPTURE_AUTORELEASING = YES;
				CLANG_WARN_BOOL_CONVERSION = YES;
				CLANG_WARN_COMMA = YES;
				CLANG_WARN_CONSTANT_CONVERSION = YES;
				CLANG_WARN_DEPRECATED_OBJC_IMPLEMENTATIONS = YES;
				CLANG_WARN_DIRECT_OBJC_ISA_USAGE = YES_ERROR;
				CLANG_WARN_DOCUMENTATION_COMMENTS = YES;
				CLANG_WARN_EMPTY_BODY = YES;
				CLANG_WARN_ENUM_CONVERSION = YES;
				CLANG_WARN_INFINITE_RECURSION = YES;
				CLANG_WARN_INT_CONVERSION = YES;
				CLANG_WARN_NON_LITERAL_NULL_CONVERSION = YES;
				CLANG_WARN_OBJC_IMPLICIT_RETAIN_SELF = YES;
				CLANG_WARN_OBJC_LITERAL_CONVERSION = YES;
				CLANG_WARN_OBJC_ROOT_CLASS = YES_ERROR;
				CLANG_WARN_QUOTED_INCLUDE_IN_FRAMEWORK_HEADER = YES;
				CLANG_WARN_RANGE_LOOP_ANALYSIS = YES;
				CLANG_WARN_STRICT_PROTOTYPES = YES;
				CLANG_WARN_SUSPICIOUS_MOVE = YES;
				CLANG_WARN_UNGUARDED_AVAILABILITY = YES_AGGRESSIVE;
				CLANG_WARN_UNREACHABLE_CODE = YES;
				CLANG_WARN__DUPLICATE_METHOD_MATCH = YES;
				COPY_PHASE_STRIP = NO;
				DEBUG_INFORMATION_FORMAT = "dwarf-with-dsym";
				ENABLE_NS_ASSERTIONS = NO;
				ENABLE_STRICT_OBJC_MSGSEND = YES;
				GCC_C_LANGUAGE_STANDARD = gnu11;
				GCC_NO_COMMON_BLOCKS = YES;
				GCC_WARN_64_TO_32_BIT_CONVERSION = YES;
				GCC_WARN_ABOUT_RETURN_TYPE = YES_ERROR;
				GCC_WARN_UNDECLARED_SELECTOR = YES;
				GCC_WARN_UNINITIALIZED_AUTOS = YES_AGGRESSIVE;
				GCC_WARN_UNUSED_FUNCTION = YES;
				GCC_WARN_UNUSED_VARIABLE = YES;
				IPHONEOS_DEPLOYMENT_TARGET = 14.0;
				MTL_ENABLE_DEBUG_INFO = NO;
				MTL_FAST_MATH = YES;
				SDKROOT = iphoneos;
				SWIFT_COMPILATION_MODE = wholemodule;
				SWIFT_OPTIMIZATION_LEVEL = "-O";
				VALIDATE_PRODUCT = YES;
			};
			name = Release;
		};
		6B38997C25175C8C001AF475 /* Debug */ = {
			isa = XCBuildConfiguration;
			buildSettings = {
				ASSETCATALOG_COMPILER_APPICON_NAME = AppIcon;
				ASSETCATALOG_COMPILER_GLOBAL_ACCENT_COLOR_NAME = AccentColor;
				CODE_SIGN_STYLE = Automatic;
				DEVELOPMENT_TEAM = L2PAJC487U;
				INFOPLIST_FILE = "MVVM-Two/Info.plist";
				IPHONEOS_DEPLOYMENT_TARGET = 13.0;
				LD_RUNPATH_SEARCH_PATHS = (
					"$(inherited)",
					"@executable_path/Frameworks",
				);
				PRODUCT_BUNDLE_IDENTIFIER = "kiseleff.MVVM-Two";
				PRODUCT_NAME = "$(TARGET_NAME)";
				SWIFT_VERSION = 5.0;
				TARGETED_DEVICE_FAMILY = 1;
			};
			name = Debug;
		};
		6B38997D25175C8C001AF475 /* Release */ = {
			isa = XCBuildConfiguration;
			buildSettings = {
				ASSETCATALOG_COMPILER_APPICON_NAME = AppIcon;
				ASSETCATALOG_COMPILER_GLOBAL_ACCENT_COLOR_NAME = AccentColor;
				CODE_SIGN_STYLE = Automatic;
				DEVELOPMENT_TEAM = L2PAJC487U;
				INFOPLIST_FILE = "MVVM-Two/Info.plist";
				IPHONEOS_DEPLOYMENT_TARGET = 13.0;
				LD_RUNPATH_SEARCH_PATHS = (
					"$(inherited)",
					"@executable_path/Frameworks",
				);
				PRODUCT_BUNDLE_IDENTIFIER = "kiseleff.MVVM-Two";
				PRODUCT_NAME = "$(TARGET_NAME)";
				SWIFT_VERSION = 5.0;
				TARGETED_DEVICE_FAMILY = 1;
			};
			name = Release;
		};
/* End XCBuildConfiguration section */

/* Begin XCConfigurationList section */
		6B38996225175C89001AF475 /* Build configuration list for PBXProject "MVVM-Two" */ = {
			isa = XCConfigurationList;
			buildConfigurations = (
				6B38997925175C8C001AF475 /* Debug */,
				6B38997A25175C8C001AF475 /* Release */,
			);
			defaultConfigurationIsVisible = 0;
			defaultConfigurationName = Release;
		};
		6B38997B25175C8C001AF475 /* Build configuration list for PBXNativeTarget "MVVM-Two" */ = {
			isa = XCConfigurationList;
			buildConfigurations = (
				6B38997C25175C8C001AF475 /* Debug */,
				6B38997D25175C8C001AF475 /* Release */,
			);
			defaultConfigurationIsVisible = 0;
			defaultConfigurationName = Release;
		};
/* End XCConfigurationList section */
	};
	rootObject = 6B38995F25175C89001AF475 /* Project object */;
}
